// !$*UTF8*$!
{
	archiveVersion = 1;
	classes = {
	};
	objectVersion = 51;
	objects = {

/* Begin PBXBuildFile section */
		2506F019250C230300E60477 /* TemplateLists.swift in Sources */ = {isa = PBXBuildFile; fileRef = 2506F018250C230300E60477 /* TemplateLists.swift */; };
		254A40E2248C852D00F9E3A7 /* ItemModel.swift in Sources */ = {isa = PBXBuildFile; fileRef = 254A40E1248C852D00F9E3A7 /* ItemModel.swift */; };
		254A40E4248DDE1200F9E3A7 /* SloppySwipingNav.swift in Sources */ = {isa = PBXBuildFile; fileRef = 254A40E3248DDE1200F9E3A7 /* SloppySwipingNav.swift */; };
		254A40E7248DE31E00F9E3A7 /* UILabelX.swift in Sources */ = {isa = PBXBuildFile; fileRef = 254A40E6248DE31E00F9E3A7 /* UILabelX.swift */; };
		254A40E924916B8100F9E3A7 /* UIButtonExtensions.swift in Sources */ = {isa = PBXBuildFile; fileRef = 254A40E824916B8100F9E3A7 /* UIButtonExtensions.swift */; };
		254A40F32497DEE000F9E3A7 /* DateSelectionNavigator.swift in Sources */ = {isa = PBXBuildFile; fileRef = 254A40EE2497DEE000F9E3A7 /* DateSelectionNavigator.swift */; };
		254A40F42497DEE000F9E3A7 /* DateSelectionController.swift in Sources */ = {isa = PBXBuildFile; fileRef = 254A40EF2497DEE000F9E3A7 /* DateSelectionController.swift */; };
		254A40F62497DEE000F9E3A7 /* DateSelectionUI.swift in Sources */ = {isa = PBXBuildFile; fileRef = 254A40F12497DEE000F9E3A7 /* DateSelectionUI.swift */; };
		254A40F72497DEE000F9E3A7 /* DateSelectionController.xib in Resources */ = {isa = PBXBuildFile; fileRef = 254A40F22497DEE000F9E3A7 /* DateSelectionController.xib */; };
		254A40FF249B1BCC00F9E3A7 /* FRCTableViewDataSource.swift in Sources */ = {isa = PBXBuildFile; fileRef = 254A40FE249B1BCC00F9E3A7 /* FRCTableViewDataSource.swift */; };
		254A4101249B233900F9E3A7 /* FRCCollectionViewDataSource.swift in Sources */ = {isa = PBXBuildFile; fileRef = 254A4100249B233900F9E3A7 /* FRCCollectionViewDataSource.swift */; };
		254A4103249C5B2700F9E3A7 /* TemplateItems.json in Resources */ = {isa = PBXBuildFile; fileRef = 254A4102249C5B2700F9E3A7 /* TemplateItems.json */; };
		254F34A92485F4F60099C96C /* AppDelegate.swift in Sources */ = {isa = PBXBuildFile; fileRef = 254F34A82485F4F60099C96C /* AppDelegate.swift */; };
		254F34AB2485F4F60099C96C /* SceneDelegate.swift in Sources */ = {isa = PBXBuildFile; fileRef = 254F34AA2485F4F60099C96C /* SceneDelegate.swift */; };
		254F34AD2485F4F60099C96C /* HomeController.swift in Sources */ = {isa = PBXBuildFile; fileRef = 254F34AC2485F4F60099C96C /* HomeController.swift */; };
		254F34B32485F4F60099C96C /* Listit.xcdatamodeld in Sources */ = {isa = PBXBuildFile; fileRef = 254F34B12485F4F60099C96C /* Listit.xcdatamodeld */; };
		254F34B52485F4F80099C96C /* Assets.xcassets in Resources */ = {isa = PBXBuildFile; fileRef = 254F34B42485F4F80099C96C /* Assets.xcassets */; };
		254F34B82485F4F80099C96C /* LaunchScreen.storyboard in Resources */ = {isa = PBXBuildFile; fileRef = 254F34B62485F4F80099C96C /* LaunchScreen.storyboard */; };
		254F34C2248702F20099C96C /* CloudKit.framework in Frameworks */ = {isa = PBXBuildFile; fileRef = 254F34C1248702F20099C96C /* CloudKit.framework */; };
		254F34C6248732AF0099C96C /* Application.swift in Sources */ = {isa = PBXBuildFile; fileRef = 254F34C5248732AF0099C96C /* Application.swift */; };
		254F34C9248733B00099C96C /* Localizable.strings in Resources */ = {isa = PBXBuildFile; fileRef = 254F34CB248733B00099C96C /* Localizable.strings */; };
		254F34CD248733E80099C96C /* Defaults.swift in Sources */ = {isa = PBXBuildFile; fileRef = 254F34CC248733E80099C96C /* Defaults.swift */; };
		254F34D0248734080099C96C /* StaticConstants.swift in Sources */ = {isa = PBXBuildFile; fileRef = 254F34CF248734080099C96C /* StaticConstants.swift */; };
		254F34D2248734160099C96C /* Constants.swift in Sources */ = {isa = PBXBuildFile; fileRef = 254F34D1248734160099C96C /* Constants.swift */; };
		254F34DA248734E00099C96C /* UIViewControllerExtensions.swift in Sources */ = {isa = PBXBuildFile; fileRef = 254F34D5248734DF0099C96C /* UIViewControllerExtensions.swift */; };
		254F34DB248734E00099C96C /* UIViewExtensions.swift in Sources */ = {isa = PBXBuildFile; fileRef = 254F34D6248734DF0099C96C /* UIViewExtensions.swift */; };
		254F34DC248734E00099C96C /* UIColorExtensions.swift in Sources */ = {isa = PBXBuildFile; fileRef = 254F34D7248734DF0099C96C /* UIColorExtensions.swift */; };
		254F34DD248734E00099C96C /* Error+Composer.swift in Sources */ = {isa = PBXBuildFile; fileRef = 254F34D8248734E00099C96C /* Error+Composer.swift */; };
		254F34E6248735540099C96C /* UserDefaults.swift in Sources */ = {isa = PBXBuildFile; fileRef = 254F34E0248735540099C96C /* UserDefaults.swift */; };
		254F34E7248735540099C96C /* Utility.swift in Sources */ = {isa = PBXBuildFile; fileRef = 254F34E1248735540099C96C /* Utility.swift */; };
		254F34E8248735540099C96C /* LanguageManager.swift in Sources */ = {isa = PBXBuildFile; fileRef = 254F34E2248735540099C96C /* LanguageManager.swift */; };
		254F34E9248735540099C96C /* Vibrator.swift in Sources */ = {isa = PBXBuildFile; fileRef = 254F34E3248735540099C96C /* Vibrator.swift */; };
		254F34EA248735540099C96C /* SoundEffects.swift in Sources */ = {isa = PBXBuildFile; fileRef = 254F34E4248735540099C96C /* SoundEffects.swift */; };
		254F34EB248735540099C96C /* SSMocker.swift in Sources */ = {isa = PBXBuildFile; fileRef = 254F34E5248735540099C96C /* SSMocker.swift */; };
		254F34F2248736700099C96C /* SSFonts.swift in Sources */ = {isa = PBXBuildFile; fileRef = 254F34F1248736700099C96C /* SSFonts.swift */; };
		254F34F6248736950099C96C /* Montserrat-Regular.ttf in Resources */ = {isa = PBXBuildFile; fileRef = 254F34F4248736950099C96C /* Montserrat-Regular.ttf */; };
		254F34F7248736950099C96C /* Montserrat-Bold.ttf in Resources */ = {isa = PBXBuildFile; fileRef = 254F34F5248736950099C96C /* Montserrat-Bold.ttf */; };
		254F34FA248738AC0099C96C /* ColorModel.swift in Sources */ = {isa = PBXBuildFile; fileRef = 254F34F8248738AC0099C96C /* ColorModel.swift */; };
		254F34FB248738AC0099C96C /* Colors.json in Resources */ = {isa = PBXBuildFile; fileRef = 254F34F9248738AC0099C96C /* Colors.json */; };
		254F34FE248738C50099C96C /* Icons.json in Resources */ = {isa = PBXBuildFile; fileRef = 254F34FC248738C50099C96C /* Icons.json */; };
		254F34FF248738C50099C96C /* IconModel.swift in Sources */ = {isa = PBXBuildFile; fileRef = 254F34FD248738C50099C96C /* IconModel.swift */; };
		254F350D24873C020099C96C /* SplashNavigator.swift in Sources */ = {isa = PBXBuildFile; fileRef = 254F350824873C020099C96C /* SplashNavigator.swift */; };
		254F350E24873C020099C96C /* SplashController.swift in Sources */ = {isa = PBXBuildFile; fileRef = 254F350924873C020099C96C /* SplashController.swift */; };
		254F350F24873C020099C96C /* SplashViewModel.swift in Sources */ = {isa = PBXBuildFile; fileRef = 254F350A24873C020099C96C /* SplashViewModel.swift */; };
		254F351024873C020099C96C /* SplashUI.swift in Sources */ = {isa = PBXBuildFile; fileRef = 254F350B24873C020099C96C /* SplashUI.swift */; };
		254F351124873C020099C96C /* SplashController.xib in Resources */ = {isa = PBXBuildFile; fileRef = 254F350C24873C020099C96C /* SplashController.xib */; };
		254F351324873CB70099C96C /* Navigator.swift in Sources */ = {isa = PBXBuildFile; fileRef = 254F351224873CB70099C96C /* Navigator.swift */; };
		254F351524873CD60099C96C /* MainNavigationController.swift in Sources */ = {isa = PBXBuildFile; fileRef = 254F351424873CD60099C96C /* MainNavigationController.swift */; };
		254F351724873D170099C96C /* ServicePackage.swift in Sources */ = {isa = PBXBuildFile; fileRef = 254F351624873D170099C96C /* ServicePackage.swift */; };
		254F352E24873D840099C96C /* ViewModelType.swift in Sources */ = {isa = PBXBuildFile; fileRef = 254F352D24873D840099C96C /* ViewModelType.swift */; };
		254F353224873FFE0099C96C /* DataBaseManagerProtocol.swift in Sources */ = {isa = PBXBuildFile; fileRef = 254F352A24873D580099C96C /* DataBaseManagerProtocol.swift */; };
		254F35352487403F0099C96C /* SplashSound.mp3 in Resources */ = {isa = PBXBuildFile; fileRef = 254F35332487403F0099C96C /* SplashSound.mp3 */; };
		254F35362487403F0099C96C /* ErrorSound.mp3 in Resources */ = {isa = PBXBuildFile; fileRef = 254F35342487403F0099C96C /* ErrorSound.mp3 */; };
		254F3538248740D20099C96C /* Colors.swift in Sources */ = {isa = PBXBuildFile; fileRef = 254F3537248740D10099C96C /* Colors.swift */; };
		254F353A2487410A0099C96C /* Fonts.swift in Sources */ = {isa = PBXBuildFile; fileRef = 254F35392487410A0099C96C /* Fonts.swift */; };
		254F353E2487425A0099C96C /* ListModel.swift in Sources */ = {isa = PBXBuildFile; fileRef = 254F353D2487425A0099C96C /* ListModel.swift */; };
		254F35412487428A0099C96C /* DBManager.swift in Sources */ = {isa = PBXBuildFile; fileRef = 254F35402487428A0099C96C /* DBManager.swift */; };
		254F35452487437D0099C96C /* CoreDataStack.swift in Sources */ = {isa = PBXBuildFile; fileRef = 254F35442487437D0099C96C /* CoreDataStack.swift */; };
		254F3547248743B80099C96C /* CoreDataError.swift in Sources */ = {isa = PBXBuildFile; fileRef = 254F3546248743B80099C96C /* CoreDataError.swift */; };
		254F354A24874CBE0099C96C /* HomeNavigator.swift in Sources */ = {isa = PBXBuildFile; fileRef = 254F354924874CBE0099C96C /* HomeNavigator.swift */; };
		254F354C24874FD70099C96C /* HomeController.xib in Resources */ = {isa = PBXBuildFile; fileRef = 254F354B24874FD70099C96C /* HomeController.xib */; };
		254F354E248750080099C96C /* HomeControllerUI.swift in Sources */ = {isa = PBXBuildFile; fileRef = 254F354D248750080099C96C /* HomeControllerUI.swift */; };
		254F355924887EB00099C96C /* ListCell.swift in Sources */ = {isa = PBXBuildFile; fileRef = 254F355724887EB00099C96C /* ListCell.swift */; };
		254F355A24887EB00099C96C /* ListCell.xib in Resources */ = {isa = PBXBuildFile; fileRef = 254F355824887EB00099C96C /* ListCell.xib */; };
		254F355D24887EBC0099C96C /* ItemCell.swift in Sources */ = {isa = PBXBuildFile; fileRef = 254F355B24887EBC0099C96C /* ItemCell.swift */; };
		254F355E24887EBC0099C96C /* ItemCell.xib in Resources */ = {isa = PBXBuildFile; fileRef = 254F355C24887EBC0099C96C /* ItemCell.xib */; };
		254F356424887FB20099C96C /* ListItemViewModel.swift in Sources */ = {isa = PBXBuildFile; fileRef = 254F356324887FB20099C96C /* ListItemViewModel.swift */; };
		254F356B248885A20099C96C /* Veneer+NSAttributedString.swift in Sources */ = {isa = PBXBuildFile; fileRef = 254F3568248885A20099C96C /* Veneer+NSAttributedString.swift */; };
		254F356C248885A20099C96C /* Attributes.swift in Sources */ = {isa = PBXBuildFile; fileRef = 254F3569248885A20099C96C /* Attributes.swift */; };
		254F356D248885A20099C96C /* Transform.swift in Sources */ = {isa = PBXBuildFile; fileRef = 254F356A248885A20099C96C /* Transform.swift */; };
		254F357724888CEB0099C96C /* IconsNavigator.swift in Sources */ = {isa = PBXBuildFile; fileRef = 254F357224888CEB0099C96C /* IconsNavigator.swift */; };
		254F357824888CEB0099C96C /* IconsUI.swift in Sources */ = {isa = PBXBuildFile; fileRef = 254F357324888CEB0099C96C /* IconsUI.swift */; };
		254F357924888CEB0099C96C /* IconsViewModel.swift in Sources */ = {isa = PBXBuildFile; fileRef = 254F357424888CEB0099C96C /* IconsViewModel.swift */; };
		254F357A24888CEB0099C96C /* IconsController.xib in Resources */ = {isa = PBXBuildFile; fileRef = 254F357524888CEB0099C96C /* IconsController.xib */; };
		254F357B24888CEB0099C96C /* IconsController.swift in Sources */ = {isa = PBXBuildFile; fileRef = 254F357624888CEB0099C96C /* IconsController.swift */; };
		254F357E24888CF10099C96C /* ColorCell.xib in Resources */ = {isa = PBXBuildFile; fileRef = 254F357C24888CF10099C96C /* ColorCell.xib */; };
		254F357F24888CF10099C96C /* ColorCell.swift in Sources */ = {isa = PBXBuildFile; fileRef = 254F357D24888CF10099C96C /* ColorCell.swift */; };
		254F358324888CF60099C96C /* IconCell.swift in Sources */ = {isa = PBXBuildFile; fileRef = 254F358024888CF60099C96C /* IconCell.swift */; };
		254F358424888CF60099C96C /* IconCellViewModel.swift in Sources */ = {isa = PBXBuildFile; fileRef = 254F358124888CF60099C96C /* IconCellViewModel.swift */; };
		254F358524888CF60099C96C /* IconCell.xib in Resources */ = {isa = PBXBuildFile; fileRef = 254F358224888CF60099C96C /* IconCell.xib */; };
		254F358B24888D0C0099C96C /* AddListNavigator.swift in Sources */ = {isa = PBXBuildFile; fileRef = 254F358624888D0C0099C96C /* AddListNavigator.swift */; };
		254F358C24888D0C0099C96C /* AddListController.swift in Sources */ = {isa = PBXBuildFile; fileRef = 254F358724888D0C0099C96C /* AddListController.swift */; };
		254F358E24888D0C0099C96C /* AddListUI.swift in Sources */ = {isa = PBXBuildFile; fileRef = 254F358924888D0C0099C96C /* AddListUI.swift */; };
		254F358F24888D0C0099C96C /* AddListController.xib in Resources */ = {isa = PBXBuildFile; fileRef = 254F358A24888D0C0099C96C /* AddListController.xib */; };
		254F359124889ED40099C96C /* ListType.swift in Sources */ = {isa = PBXBuildFile; fileRef = 254F359024889ED40099C96C /* ListType.swift */; };
		254F3596248AEB9C0099C96C /* TemplateLists.json in Resources */ = {isa = PBXBuildFile; fileRef = 254F3595248AEB9C0099C96C /* TemplateLists.json */; };
		254F3598248C39070099C96C /* ItemViewModel.swift in Sources */ = {isa = PBXBuildFile; fileRef = 254F3597248C39070099C96C /* ItemViewModel.swift */; };
		254F359F248C3E3B0099C96C /* AddItemNavigator.swift in Sources */ = {isa = PBXBuildFile; fileRef = 254F359A248C3E3B0099C96C /* AddItemNavigator.swift */; };
		254F35A0248C3E3B0099C96C /* AddItemController.swift in Sources */ = {isa = PBXBuildFile; fileRef = 254F359B248C3E3B0099C96C /* AddItemController.swift */; };
		254F35A2248C3E3B0099C96C /* AddItemUI.swift in Sources */ = {isa = PBXBuildFile; fileRef = 254F359D248C3E3B0099C96C /* AddItemUI.swift */; };
		254F35A3248C3E3B0099C96C /* AddItemController.xib in Resources */ = {isa = PBXBuildFile; fileRef = 254F359E248C3E3B0099C96C /* AddItemController.xib */; };
		254F35A9248C849A0099C96C /* ItemState.swift in Sources */ = {isa = PBXBuildFile; fileRef = 254F35A8248C849A0099C96C /* ItemState.swift */; };
		2577FDC224A6BFD000319B06 /* EditActions.swift in Sources */ = {isa = PBXBuildFile; fileRef = 2577FDC124A6BFD000319B06 /* EditActions.swift */; };
		2577FE1924AC255300319B06 /* UILabelExtensions.swift in Sources */ = {isa = PBXBuildFile; fileRef = 2577FE1824AC255300319B06 /* UILabelExtensions.swift */; };
		2577FE1B24AE6BE900319B06 /* AddListDelegates.swift in Sources */ = {isa = PBXBuildFile; fileRef = 2577FE1A24AE6BE900319B06 /* AddListDelegates.swift */; };
		25B32BE224A2907F00524CD9 /* AppAnalytics.swift in Sources */ = {isa = PBXBuildFile; fileRef = 25B32BE124A2907F00524CD9 /* AppAnalytics.swift */; };
		25B32BE424A2943200524CD9 /* GoogleService-Info.plist in Resources */ = {isa = PBXBuildFile; fileRef = 25B32BE324A2943200524CD9 /* GoogleService-Info.plist */; };
		25B32BE624A2E03900524CD9 /* HomeAdMob.swift in Sources */ = {isa = PBXBuildFile; fileRef = 25B32BE524A2E03900524CD9 /* HomeAdMob.swift */; };
		25B32BE824A2E39900524CD9 /* HomeItems.swift in Sources */ = {isa = PBXBuildFile; fileRef = 25B32BE724A2E39900524CD9 /* HomeItems.swift */; };
		25B32BEA24A2E3CF00524CD9 /* HomeLists.swift in Sources */ = {isa = PBXBuildFile; fileRef = 25B32BE924A2E3CF00524CD9 /* HomeLists.swift */; };
		25B32BEC24A2E5E400524CD9 /* HomeCollectionViewDelegate.swift in Sources */ = {isa = PBXBuildFile; fileRef = 25B32BEB24A2E5E400524CD9 /* HomeCollectionViewDelegate.swift */; };
		25B32BEE24A2E64000524CD9 /* HomeCollectionViewFlowLayout.swift in Sources */ = {isa = PBXBuildFile; fileRef = 25B32BED24A2E64000524CD9 /* HomeCollectionViewFlowLayout.swift */; };
		25B32BF024A2EBB500524CD9 /* AddItemAdMob.swift in Sources */ = {isa = PBXBuildFile; fileRef = 25B32BEF24A2EBB500524CD9 /* AddItemAdMob.swift */; };
		25B32BF224A2EFCD00524CD9 /* AddListAdMob.swift in Sources */ = {isa = PBXBuildFile; fileRef = 25B32BF124A2EFCD00524CD9 /* AddListAdMob.swift */; };
		25B32BF524A2F33100524CD9 /* IAPService.swift in Sources */ = {isa = PBXBuildFile; fileRef = 25B32BF424A2F33100524CD9 /* IAPService.swift */; };
		25B32BF724A2F38D00524CD9 /* IAPProducts.swift in Sources */ = {isa = PBXBuildFile; fileRef = 25B32BF624A2F38D00524CD9 /* IAPProducts.swift */; };
		25B32BFE24A2F48100524CD9 /* SettingNavigator.swift in Sources */ = {isa = PBXBuildFile; fileRef = 25B32BF924A2F48100524CD9 /* SettingNavigator.swift */; };
		25B32BFF24A2F48100524CD9 /* SettingController.swift in Sources */ = {isa = PBXBuildFile; fileRef = 25B32BFA24A2F48100524CD9 /* SettingController.swift */; };
		25B32C0124A2F48100524CD9 /* SettingUI.swift in Sources */ = {isa = PBXBuildFile; fileRef = 25B32BFC24A2F48100524CD9 /* SettingUI.swift */; };
		25B32C0224A2F48100524CD9 /* SettingController.xib in Resources */ = {isa = PBXBuildFile; fileRef = 25B32BFD24A2F48100524CD9 /* SettingController.xib */; };
		25B32C0424A309D900524CD9 /* HomeControllerDelegate.swift in Sources */ = {isa = PBXBuildFile; fileRef = 25B32C0324A309D900524CD9 /* HomeControllerDelegate.swift */; };
		25B32C0824A3E28D00524CD9 /* SettingCell.swift in Sources */ = {isa = PBXBuildFile; fileRef = 25B32C0624A3E28D00524CD9 /* SettingCell.swift */; };
		25B32C0924A3E28D00524CD9 /* SettingCell.xib in Resources */ = {isa = PBXBuildFile; fileRef = 25B32C0724A3E28D00524CD9 /* SettingCell.xib */; };
		25B32C0C24A3E31200524CD9 /* SettingTableViewDelegates.swift in Sources */ = {isa = PBXBuildFile; fileRef = 25B32C0B24A3E31200524CD9 /* SettingTableViewDelegates.swift */; };
		25B32C0E24A3ED0900524CD9 /* SettingAdMob.swift in Sources */ = {isa = PBXBuildFile; fileRef = 25B32C0D24A3ED0900524CD9 /* SettingAdMob.swift */; };
		25B32C1024A3F06900524CD9 /* SettingAppMailDelegate.swift in Sources */ = {isa = PBXBuildFile; fileRef = 25B32C0F24A3F06900524CD9 /* SettingAppMailDelegate.swift */; };
		25B32C1624A592AF00524CD9 /* NetworkManager.swift in Sources */ = {isa = PBXBuildFile; fileRef = 25B32C1524A592AF00524CD9 /* NetworkManager.swift */; };
		25B32C1824A592F500524CD9 /* ConfigurationNetworkModel.swift in Sources */ = {isa = PBXBuildFile; fileRef = 25B32C1724A592F500524CD9 /* ConfigurationNetworkModel.swift */; };
		25C1212124E06A9500CF0E16 /* AddTemplatesNavigator.swift in Sources */ = {isa = PBXBuildFile; fileRef = 25C1211D24E06A9500CF0E16 /* AddTemplatesNavigator.swift */; };
		25C1212224E06A9500CF0E16 /* AddTemplatesController.swift in Sources */ = {isa = PBXBuildFile; fileRef = 25C1211E24E06A9500CF0E16 /* AddTemplatesController.swift */; };
		25C1212324E06A9500CF0E16 /* AddTemplatesUI.swift in Sources */ = {isa = PBXBuildFile; fileRef = 25C1211F24E06A9500CF0E16 /* AddTemplatesUI.swift */; };
		25C1212424E06A9500CF0E16 /* AddTemplatesController.xib in Resources */ = {isa = PBXBuildFile; fileRef = 25C1212024E06A9500CF0E16 /* AddTemplatesController.xib */; };
		54DCA4EDC7598EDBBF1A5BF2 /* Pods_Listit.framework in Frameworks */ = {isa = PBXBuildFile; fileRef = 681C012384A06C1A9D1A7C6B /* Pods_Listit.framework */; };
/* End PBXBuildFile section */

/* Begin PBXCopyFilesBuildPhase section */
		254F352924873D370099C96C /* Embed Frameworks */ = {
			isa = PBXCopyFilesBuildPhase;
			buildActionMask = 2147483647;
			dstPath = "";
			dstSubfolderSpec = 10;
			files = (
			);
			name = "Embed Frameworks";
			runOnlyForDeploymentPostprocessing = 0;
		};
/* End PBXCopyFilesBuildPhase section */

/* Begin PBXFileReference section */
		2506F018250C230300E60477 /* TemplateLists.swift */ = {isa = PBXFileReference; lastKnownFileType = sourcecode.swift; path = TemplateLists.swift; sourceTree = "<group>"; };
		254A40E1248C852D00F9E3A7 /* ItemModel.swift */ = {isa = PBXFileReference; lastKnownFileType = sourcecode.swift; path = ItemModel.swift; sourceTree = "<group>"; };
		254A40E3248DDE1200F9E3A7 /* SloppySwipingNav.swift */ = {isa = PBXFileReference; fileEncoding = 4; lastKnownFileType = sourcecode.swift; path = SloppySwipingNav.swift; sourceTree = "<group>"; };
		254A40E6248DE31E00F9E3A7 /* UILabelX.swift */ = {isa = PBXFileReference; lastKnownFileType = sourcecode.swift; path = UILabelX.swift; sourceTree = "<group>"; };
		254A40E824916B8100F9E3A7 /* UIButtonExtensions.swift */ = {isa = PBXFileReference; lastKnownFileType = sourcecode.swift; path = UIButtonExtensions.swift; sourceTree = "<group>"; };
		254A40EE2497DEE000F9E3A7 /* DateSelectionNavigator.swift */ = {isa = PBXFileReference; lastKnownFileType = sourcecode.swift; path = DateSelectionNavigator.swift; sourceTree = "<group>"; };
		254A40EF2497DEE000F9E3A7 /* DateSelectionController.swift */ = {isa = PBXFileReference; lastKnownFileType = sourcecode.swift; path = DateSelectionController.swift; sourceTree = "<group>"; };
		254A40F12497DEE000F9E3A7 /* DateSelectionUI.swift */ = {isa = PBXFileReference; lastKnownFileType = sourcecode.swift; path = DateSelectionUI.swift; sourceTree = "<group>"; };
		254A40F22497DEE000F9E3A7 /* DateSelectionController.xib */ = {isa = PBXFileReference; lastKnownFileType = file.xib; path = DateSelectionController.xib; sourceTree = "<group>"; };
		254A40FE249B1BCC00F9E3A7 /* FRCTableViewDataSource.swift */ = {isa = PBXFileReference; lastKnownFileType = sourcecode.swift; path = FRCTableViewDataSource.swift; sourceTree = "<group>"; };
		254A4100249B233900F9E3A7 /* FRCCollectionViewDataSource.swift */ = {isa = PBXFileReference; lastKnownFileType = sourcecode.swift; path = FRCCollectionViewDataSource.swift; sourceTree = "<group>"; };
		254A4102249C5B2700F9E3A7 /* TemplateItems.json */ = {isa = PBXFileReference; fileEncoding = 4; lastKnownFileType = text.json; path = TemplateItems.json; sourceTree = "<group>"; };
		254F34A52485F4F60099C96C /* Listit.app */ = {isa = PBXFileReference; explicitFileType = wrapper.application; includeInIndex = 0; path = Listit.app; sourceTree = BUILT_PRODUCTS_DIR; };
		254F34A82485F4F60099C96C /* AppDelegate.swift */ = {isa = PBXFileReference; lastKnownFileType = sourcecode.swift; path = AppDelegate.swift; sourceTree = "<group>"; };
		254F34AA2485F4F60099C96C /* SceneDelegate.swift */ = {isa = PBXFileReference; lastKnownFileType = sourcecode.swift; path = SceneDelegate.swift; sourceTree = "<group>"; };
		254F34AC2485F4F60099C96C /* HomeController.swift */ = {isa = PBXFileReference; lastKnownFileType = sourcecode.swift; path = HomeController.swift; sourceTree = "<group>"; };
		254F34B22485F4F60099C96C /* New_Todo.xcdatamodel */ = {isa = PBXFileReference; lastKnownFileType = wrapper.xcdatamodel; path = New_Todo.xcdatamodel; sourceTree = "<group>"; };
		254F34B42485F4F80099C96C /* Assets.xcassets */ = {isa = PBXFileReference; lastKnownFileType = folder.assetcatalog; path = Assets.xcassets; sourceTree = "<group>"; };
		254F34B72485F4F80099C96C /* Base */ = {isa = PBXFileReference; lastKnownFileType = file.storyboard; name = Base; path = Base.lproj/LaunchScreen.storyboard; sourceTree = "<group>"; };
		254F34B92485F4F80099C96C /* Info.plist */ = {isa = PBXFileReference; lastKnownFileType = text.plist.xml; path = Info.plist; sourceTree = "<group>"; };
		254F34BF248702F00099C96C /* Listit.entitlements */ = {isa = PBXFileReference; lastKnownFileType = text.plist.entitlements; path = Listit.entitlements; sourceTree = "<group>"; };
		254F34C1248702F20099C96C /* CloudKit.framework */ = {isa = PBXFileReference; lastKnownFileType = wrapper.framework; name = CloudKit.framework; path = System/Library/Frameworks/CloudKit.framework; sourceTree = SDKROOT; };
		254F34C5248732AF0099C96C /* Application.swift */ = {isa = PBXFileReference; lastKnownFileType = sourcecode.swift; path = Application.swift; sourceTree = "<group>"; };
		254F34CA248733B00099C96C /* en */ = {isa = PBXFileReference; lastKnownFileType = text.plist.strings; name = en; path = en.lproj/Localizable.strings; sourceTree = "<group>"; };
		254F34CC248733E80099C96C /* Defaults.swift */ = {isa = PBXFileReference; lastKnownFileType = sourcecode.swift; path = Defaults.swift; sourceTree = "<group>"; };
		254F34CF248734080099C96C /* StaticConstants.swift */ = {isa = PBXFileReference; lastKnownFileType = sourcecode.swift; path = StaticConstants.swift; sourceTree = "<group>"; };
		254F34D1248734160099C96C /* Constants.swift */ = {isa = PBXFileReference; lastKnownFileType = sourcecode.swift; path = Constants.swift; sourceTree = "<group>"; };
		254F34D5248734DF0099C96C /* UIViewControllerExtensions.swift */ = {isa = PBXFileReference; fileEncoding = 4; lastKnownFileType = sourcecode.swift; path = UIViewControllerExtensions.swift; sourceTree = "<group>"; };
		254F34D6248734DF0099C96C /* UIViewExtensions.swift */ = {isa = PBXFileReference; fileEncoding = 4; lastKnownFileType = sourcecode.swift; path = UIViewExtensions.swift; sourceTree = "<group>"; };
		254F34D7248734DF0099C96C /* UIColorExtensions.swift */ = {isa = PBXFileReference; fileEncoding = 4; lastKnownFileType = sourcecode.swift; path = UIColorExtensions.swift; sourceTree = "<group>"; };
		254F34D8248734E00099C96C /* Error+Composer.swift */ = {isa = PBXFileReference; fileEncoding = 4; lastKnownFileType = sourcecode.swift; path = "Error+Composer.swift"; sourceTree = "<group>"; };
		254F34E0248735540099C96C /* UserDefaults.swift */ = {isa = PBXFileReference; fileEncoding = 4; lastKnownFileType = sourcecode.swift; path = UserDefaults.swift; sourceTree = "<group>"; };
		254F34E1248735540099C96C /* Utility.swift */ = {isa = PBXFileReference; fileEncoding = 4; lastKnownFileType = sourcecode.swift; path = Utility.swift; sourceTree = "<group>"; };
		254F34E2248735540099C96C /* LanguageManager.swift */ = {isa = PBXFileReference; fileEncoding = 4; lastKnownFileType = sourcecode.swift; path = LanguageManager.swift; sourceTree = "<group>"; };
		254F34E3248735540099C96C /* Vibrator.swift */ = {isa = PBXFileReference; fileEncoding = 4; lastKnownFileType = sourcecode.swift; path = Vibrator.swift; sourceTree = "<group>"; };
		254F34E4248735540099C96C /* SoundEffects.swift */ = {isa = PBXFileReference; fileEncoding = 4; lastKnownFileType = sourcecode.swift; path = SoundEffects.swift; sourceTree = "<group>"; };
		254F34E5248735540099C96C /* SSMocker.swift */ = {isa = PBXFileReference; fileEncoding = 4; lastKnownFileType = sourcecode.swift; path = SSMocker.swift; sourceTree = "<group>"; };
		254F34F1248736700099C96C /* SSFonts.swift */ = {isa = PBXFileReference; lastKnownFileType = sourcecode.swift; path = SSFonts.swift; sourceTree = "<group>"; };
		254F34F4248736950099C96C /* Montserrat-Regular.ttf */ = {isa = PBXFileReference; lastKnownFileType = file; path = "Montserrat-Regular.ttf"; sourceTree = "<group>"; };
		254F34F5248736950099C96C /* Montserrat-Bold.ttf */ = {isa = PBXFileReference; lastKnownFileType = file; path = "Montserrat-Bold.ttf"; sourceTree = "<group>"; };
		254F34F8248738AC0099C96C /* ColorModel.swift */ = {isa = PBXFileReference; fileEncoding = 4; lastKnownFileType = sourcecode.swift; path = ColorModel.swift; sourceTree = "<group>"; };
		254F34F9248738AC0099C96C /* Colors.json */ = {isa = PBXFileReference; fileEncoding = 4; lastKnownFileType = text.json; path = Colors.json; sourceTree = "<group>"; };
		254F34FC248738C50099C96C /* Icons.json */ = {isa = PBXFileReference; fileEncoding = 4; lastKnownFileType = text.json; path = Icons.json; sourceTree = "<group>"; };
		254F34FD248738C50099C96C /* IconModel.swift */ = {isa = PBXFileReference; fileEncoding = 4; lastKnownFileType = sourcecode.swift; path = IconModel.swift; sourceTree = "<group>"; };
		254F350824873C020099C96C /* SplashNavigator.swift */ = {isa = PBXFileReference; lastKnownFileType = sourcecode.swift; path = SplashNavigator.swift; sourceTree = "<group>"; };
		254F350924873C020099C96C /* SplashController.swift */ = {isa = PBXFileReference; lastKnownFileType = sourcecode.swift; path = SplashController.swift; sourceTree = "<group>"; };
		254F350A24873C020099C96C /* SplashViewModel.swift */ = {isa = PBXFileReference; lastKnownFileType = sourcecode.swift; path = SplashViewModel.swift; sourceTree = "<group>"; };
		254F350B24873C020099C96C /* SplashUI.swift */ = {isa = PBXFileReference; lastKnownFileType = sourcecode.swift; path = SplashUI.swift; sourceTree = "<group>"; };
		254F350C24873C020099C96C /* SplashController.xib */ = {isa = PBXFileReference; lastKnownFileType = file.xib; path = SplashController.xib; sourceTree = "<group>"; };
		254F351224873CB70099C96C /* Navigator.swift */ = {isa = PBXFileReference; lastKnownFileType = sourcecode.swift; path = Navigator.swift; sourceTree = "<group>"; };
		254F351424873CD60099C96C /* MainNavigationController.swift */ = {isa = PBXFileReference; lastKnownFileType = sourcecode.swift; path = MainNavigationController.swift; sourceTree = "<group>"; };
		254F351624873D170099C96C /* ServicePackage.swift */ = {isa = PBXFileReference; lastKnownFileType = sourcecode.swift; path = ServicePackage.swift; sourceTree = "<group>"; };
		254F352A24873D580099C96C /* DataBaseManagerProtocol.swift */ = {isa = PBXFileReference; lastKnownFileType = sourcecode.swift; path = DataBaseManagerProtocol.swift; sourceTree = "<group>"; };
		254F352D24873D840099C96C /* ViewModelType.swift */ = {isa = PBXFileReference; lastKnownFileType = sourcecode.swift; path = ViewModelType.swift; sourceTree = "<group>"; };
		254F35332487403F0099C96C /* SplashSound.mp3 */ = {isa = PBXFileReference; lastKnownFileType = audio.mp3; path = SplashSound.mp3; sourceTree = "<group>"; };
		254F35342487403F0099C96C /* ErrorSound.mp3 */ = {isa = PBXFileReference; lastKnownFileType = audio.mp3; path = ErrorSound.mp3; sourceTree = "<group>"; };
		254F3537248740D10099C96C /* Colors.swift */ = {isa = PBXFileReference; lastKnownFileType = sourcecode.swift; path = Colors.swift; sourceTree = "<group>"; };
		254F35392487410A0099C96C /* Fonts.swift */ = {isa = PBXFileReference; lastKnownFileType = sourcecode.swift; path = Fonts.swift; sourceTree = "<group>"; };
		254F353D2487425A0099C96C /* ListModel.swift */ = {isa = PBXFileReference; lastKnownFileType = sourcecode.swift; path = ListModel.swift; sourceTree = "<group>"; };
		254F35402487428A0099C96C /* DBManager.swift */ = {isa = PBXFileReference; lastKnownFileType = sourcecode.swift; path = DBManager.swift; sourceTree = "<group>"; };
		254F35442487437D0099C96C /* CoreDataStack.swift */ = {isa = PBXFileReference; lastKnownFileType = sourcecode.swift; path = CoreDataStack.swift; sourceTree = "<group>"; };
		254F3546248743B80099C96C /* CoreDataError.swift */ = {isa = PBXFileReference; lastKnownFileType = sourcecode.swift; path = CoreDataError.swift; sourceTree = "<group>"; };
		254F354924874CBE0099C96C /* HomeNavigator.swift */ = {isa = PBXFileReference; lastKnownFileType = sourcecode.swift; path = HomeNavigator.swift; sourceTree = "<group>"; };
		254F354B24874FD70099C96C /* HomeController.xib */ = {isa = PBXFileReference; lastKnownFileType = file.xib; path = HomeController.xib; sourceTree = "<group>"; };
		254F354D248750080099C96C /* HomeControllerUI.swift */ = {isa = PBXFileReference; lastKnownFileType = sourcecode.swift; path = HomeControllerUI.swift; sourceTree = "<group>"; };
		254F355724887EB00099C96C /* ListCell.swift */ = {isa = PBXFileReference; lastKnownFileType = sourcecode.swift; path = ListCell.swift; sourceTree = "<group>"; };
		254F355824887EB00099C96C /* ListCell.xib */ = {isa = PBXFileReference; lastKnownFileType = file.xib; path = ListCell.xib; sourceTree = "<group>"; };
		254F355B24887EBC0099C96C /* ItemCell.swift */ = {isa = PBXFileReference; lastKnownFileType = sourcecode.swift; path = ItemCell.swift; sourceTree = "<group>"; };
		254F355C24887EBC0099C96C /* ItemCell.xib */ = {isa = PBXFileReference; lastKnownFileType = file.xib; path = ItemCell.xib; sourceTree = "<group>"; };
		254F356324887FB20099C96C /* ListItemViewModel.swift */ = {isa = PBXFileReference; lastKnownFileType = sourcecode.swift; path = ListItemViewModel.swift; sourceTree = "<group>"; };
		254F3568248885A20099C96C /* Veneer+NSAttributedString.swift */ = {isa = PBXFileReference; fileEncoding = 4; lastKnownFileType = sourcecode.swift; path = "Veneer+NSAttributedString.swift"; sourceTree = "<group>"; };
		254F3569248885A20099C96C /* Attributes.swift */ = {isa = PBXFileReference; fileEncoding = 4; lastKnownFileType = sourcecode.swift; path = Attributes.swift; sourceTree = "<group>"; };
		254F356A248885A20099C96C /* Transform.swift */ = {isa = PBXFileReference; fileEncoding = 4; lastKnownFileType = sourcecode.swift; path = Transform.swift; sourceTree = "<group>"; };
		254F357224888CEB0099C96C /* IconsNavigator.swift */ = {isa = PBXFileReference; fileEncoding = 4; lastKnownFileType = sourcecode.swift; path = IconsNavigator.swift; sourceTree = "<group>"; };
		254F357324888CEB0099C96C /* IconsUI.swift */ = {isa = PBXFileReference; fileEncoding = 4; lastKnownFileType = sourcecode.swift; path = IconsUI.swift; sourceTree = "<group>"; };
		254F357424888CEB0099C96C /* IconsViewModel.swift */ = {isa = PBXFileReference; fileEncoding = 4; lastKnownFileType = sourcecode.swift; path = IconsViewModel.swift; sourceTree = "<group>"; };
		254F357524888CEB0099C96C /* IconsController.xib */ = {isa = PBXFileReference; fileEncoding = 4; lastKnownFileType = file.xib; path = IconsController.xib; sourceTree = "<group>"; };
		254F357624888CEB0099C96C /* IconsController.swift */ = {isa = PBXFileReference; fileEncoding = 4; lastKnownFileType = sourcecode.swift; path = IconsController.swift; sourceTree = "<group>"; };
		254F357C24888CF10099C96C /* ColorCell.xib */ = {isa = PBXFileReference; fileEncoding = 4; lastKnownFileType = file.xib; path = ColorCell.xib; sourceTree = "<group>"; };
		254F357D24888CF10099C96C /* ColorCell.swift */ = {isa = PBXFileReference; fileEncoding = 4; lastKnownFileType = sourcecode.swift; path = ColorCell.swift; sourceTree = "<group>"; };
		254F358024888CF60099C96C /* IconCell.swift */ = {isa = PBXFileReference; fileEncoding = 4; lastKnownFileType = sourcecode.swift; path = IconCell.swift; sourceTree = "<group>"; };
		254F358124888CF60099C96C /* IconCellViewModel.swift */ = {isa = PBXFileReference; fileEncoding = 4; lastKnownFileType = sourcecode.swift; path = IconCellViewModel.swift; sourceTree = "<group>"; };
		254F358224888CF60099C96C /* IconCell.xib */ = {isa = PBXFileReference; fileEncoding = 4; lastKnownFileType = file.xib; path = IconCell.xib; sourceTree = "<group>"; };
		254F358624888D0C0099C96C /* AddListNavigator.swift */ = {isa = PBXFileReference; lastKnownFileType = sourcecode.swift; path = AddListNavigator.swift; sourceTree = "<group>"; };
		254F358724888D0C0099C96C /* AddListController.swift */ = {isa = PBXFileReference; lastKnownFileType = sourcecode.swift; path = AddListController.swift; sourceTree = "<group>"; };
		254F358924888D0C0099C96C /* AddListUI.swift */ = {isa = PBXFileReference; lastKnownFileType = sourcecode.swift; path = AddListUI.swift; sourceTree = "<group>"; };
		254F358A24888D0C0099C96C /* AddListController.xib */ = {isa = PBXFileReference; lastKnownFileType = file.xib; path = AddListController.xib; sourceTree = "<group>"; };
		254F359024889ED40099C96C /* ListType.swift */ = {isa = PBXFileReference; lastKnownFileType = sourcecode.swift; path = ListType.swift; sourceTree = "<group>"; };
		254F3595248AEB9C0099C96C /* TemplateLists.json */ = {isa = PBXFileReference; fileEncoding = 4; lastKnownFileType = text.json; path = TemplateLists.json; sourceTree = "<group>"; };
		254F3597248C39070099C96C /* ItemViewModel.swift */ = {isa = PBXFileReference; lastKnownFileType = sourcecode.swift; path = ItemViewModel.swift; sourceTree = "<group>"; };
		254F359A248C3E3B0099C96C /* AddItemNavigator.swift */ = {isa = PBXFileReference; lastKnownFileType = sourcecode.swift; path = AddItemNavigator.swift; sourceTree = "<group>"; };
		254F359B248C3E3B0099C96C /* AddItemController.swift */ = {isa = PBXFileReference; lastKnownFileType = sourcecode.swift; path = AddItemController.swift; sourceTree = "<group>"; };
		254F359D248C3E3B0099C96C /* AddItemUI.swift */ = {isa = PBXFileReference; lastKnownFileType = sourcecode.swift; path = AddItemUI.swift; sourceTree = "<group>"; };
		254F359E248C3E3B0099C96C /* AddItemController.xib */ = {isa = PBXFileReference; lastKnownFileType = file.xib; path = AddItemController.xib; sourceTree = "<group>"; };
		254F35A8248C849A0099C96C /* ItemState.swift */ = {isa = PBXFileReference; lastKnownFileType = sourcecode.swift; path = ItemState.swift; sourceTree = "<group>"; };
		2577FDC124A6BFD000319B06 /* EditActions.swift */ = {isa = PBXFileReference; lastKnownFileType = sourcecode.swift; path = EditActions.swift; sourceTree = "<group>"; };
		2577FE1824AC255300319B06 /* UILabelExtensions.swift */ = {isa = PBXFileReference; lastKnownFileType = sourcecode.swift; path = UILabelExtensions.swift; sourceTree = "<group>"; };
		2577FE1A24AE6BE900319B06 /* AddListDelegates.swift */ = {isa = PBXFileReference; lastKnownFileType = sourcecode.swift; path = AddListDelegates.swift; sourceTree = "<group>"; };
		2577FE1C24B12E9900319B06 /* zh-Hans */ = {isa = PBXFileReference; lastKnownFileType = text.plist.strings; name = "zh-Hans"; path = "zh-Hans.lproj/Localizable.strings"; sourceTree = "<group>"; };
		2577FE1D24B12EBB00319B06 /* fa */ = {isa = PBXFileReference; lastKnownFileType = text.plist.strings; name = fa; path = fa.lproj/Localizable.strings; sourceTree = "<group>"; };
		25B32BE124A2907F00524CD9 /* AppAnalytics.swift */ = {isa = PBXFileReference; lastKnownFileType = sourcecode.swift; path = AppAnalytics.swift; sourceTree = "<group>"; };
		25B32BE324A2943200524CD9 /* GoogleService-Info.plist */ = {isa = PBXFileReference; fileEncoding = 4; lastKnownFileType = text.plist.xml; path = "GoogleService-Info.plist"; sourceTree = "<group>"; };
		25B32BE524A2E03900524CD9 /* HomeAdMob.swift */ = {isa = PBXFileReference; lastKnownFileType = sourcecode.swift; path = HomeAdMob.swift; sourceTree = "<group>"; };
		25B32BE724A2E39900524CD9 /* HomeItems.swift */ = {isa = PBXFileReference; lastKnownFileType = sourcecode.swift; path = HomeItems.swift; sourceTree = "<group>"; };
		25B32BE924A2E3CF00524CD9 /* HomeLists.swift */ = {isa = PBXFileReference; lastKnownFileType = sourcecode.swift; path = HomeLists.swift; sourceTree = "<group>"; };
		25B32BEB24A2E5E400524CD9 /* HomeCollectionViewDelegate.swift */ = {isa = PBXFileReference; lastKnownFileType = sourcecode.swift; path = HomeCollectionViewDelegate.swift; sourceTree = "<group>"; };
		25B32BED24A2E64000524CD9 /* HomeCollectionViewFlowLayout.swift */ = {isa = PBXFileReference; lastKnownFileType = sourcecode.swift; path = HomeCollectionViewFlowLayout.swift; sourceTree = "<group>"; };
		25B32BEF24A2EBB500524CD9 /* AddItemAdMob.swift */ = {isa = PBXFileReference; lastKnownFileType = sourcecode.swift; path = AddItemAdMob.swift; sourceTree = "<group>"; };
		25B32BF124A2EFCD00524CD9 /* AddListAdMob.swift */ = {isa = PBXFileReference; lastKnownFileType = sourcecode.swift; path = AddListAdMob.swift; sourceTree = "<group>"; };
		25B32BF424A2F33100524CD9 /* IAPService.swift */ = {isa = PBXFileReference; lastKnownFileType = sourcecode.swift; path = IAPService.swift; sourceTree = "<group>"; };
		25B32BF624A2F38D00524CD9 /* IAPProducts.swift */ = {isa = PBXFileReference; lastKnownFileType = sourcecode.swift; path = IAPProducts.swift; sourceTree = "<group>"; };
		25B32BF924A2F48100524CD9 /* SettingNavigator.swift */ = {isa = PBXFileReference; lastKnownFileType = sourcecode.swift; path = SettingNavigator.swift; sourceTree = "<group>"; };
		25B32BFA24A2F48100524CD9 /* SettingController.swift */ = {isa = PBXFileReference; lastKnownFileType = sourcecode.swift; path = SettingController.swift; sourceTree = "<group>"; };
		25B32BFC24A2F48100524CD9 /* SettingUI.swift */ = {isa = PBXFileReference; lastKnownFileType = sourcecode.swift; path = SettingUI.swift; sourceTree = "<group>"; };
		25B32BFD24A2F48100524CD9 /* SettingController.xib */ = {isa = PBXFileReference; lastKnownFileType = file.xib; path = SettingController.xib; sourceTree = "<group>"; };
		25B32C0324A309D900524CD9 /* HomeControllerDelegate.swift */ = {isa = PBXFileReference; lastKnownFileType = sourcecode.swift; path = HomeControllerDelegate.swift; sourceTree = "<group>"; };
		25B32C0624A3E28D00524CD9 /* SettingCell.swift */ = {isa = PBXFileReference; lastKnownFileType = sourcecode.swift; path = SettingCell.swift; sourceTree = "<group>"; };
		25B32C0724A3E28D00524CD9 /* SettingCell.xib */ = {isa = PBXFileReference; lastKnownFileType = file.xib; path = SettingCell.xib; sourceTree = "<group>"; };
		25B32C0B24A3E31200524CD9 /* SettingTableViewDelegates.swift */ = {isa = PBXFileReference; lastKnownFileType = sourcecode.swift; path = SettingTableViewDelegates.swift; sourceTree = "<group>"; };
		25B32C0D24A3ED0900524CD9 /* SettingAdMob.swift */ = {isa = PBXFileReference; lastKnownFileType = sourcecode.swift; path = SettingAdMob.swift; sourceTree = "<group>"; };
		25B32C0F24A3F06900524CD9 /* SettingAppMailDelegate.swift */ = {isa = PBXFileReference; lastKnownFileType = sourcecode.swift; path = SettingAppMailDelegate.swift; sourceTree = "<group>"; };
		25B32C1524A592AF00524CD9 /* NetworkManager.swift */ = {isa = PBXFileReference; lastKnownFileType = sourcecode.swift; path = NetworkManager.swift; sourceTree = "<group>"; };
		25B32C1724A592F500524CD9 /* ConfigurationNetworkModel.swift */ = {isa = PBXFileReference; lastKnownFileType = sourcecode.swift; path = ConfigurationNetworkModel.swift; sourceTree = "<group>"; };
		25C1211D24E06A9500CF0E16 /* AddTemplatesNavigator.swift */ = {isa = PBXFileReference; lastKnownFileType = sourcecode.swift; path = AddTemplatesNavigator.swift; sourceTree = "<group>"; };
		25C1211E24E06A9500CF0E16 /* AddTemplatesController.swift */ = {isa = PBXFileReference; lastKnownFileType = sourcecode.swift; path = AddTemplatesController.swift; sourceTree = "<group>"; };
		25C1211F24E06A9500CF0E16 /* AddTemplatesUI.swift */ = {isa = PBXFileReference; lastKnownFileType = sourcecode.swift; path = AddTemplatesUI.swift; sourceTree = "<group>"; };
		25C1212024E06A9500CF0E16 /* AddTemplatesController.xib */ = {isa = PBXFileReference; lastKnownFileType = file.xib; path = AddTemplatesController.xib; sourceTree = "<group>"; };
		681C012384A06C1A9D1A7C6B /* Pods_Listit.framework */ = {isa = PBXFileReference; explicitFileType = wrapper.framework; includeInIndex = 0; path = Pods_Listit.framework; sourceTree = BUILT_PRODUCTS_DIR; };
		A7AA76764A90D72C40FC3B85 /* Pods-Listit.release.xcconfig */ = {isa = PBXFileReference; includeInIndex = 1; lastKnownFileType = text.xcconfig; name = "Pods-Listit.release.xcconfig"; path = "Target Support Files/Pods-Listit/Pods-Listit.release.xcconfig"; sourceTree = "<group>"; };
		BD000643B42F3E614A290640 /* Pods-Listit.debug.xcconfig */ = {isa = PBXFileReference; includeInIndex = 1; lastKnownFileType = text.xcconfig; name = "Pods-Listit.debug.xcconfig"; path = "Target Support Files/Pods-Listit/Pods-Listit.debug.xcconfig"; sourceTree = "<group>"; };
/* End PBXFileReference section */

/* Begin PBXFrameworksBuildPhase section */
		254F34A22485F4F60099C96C /* Frameworks */ = {
			isa = PBXFrameworksBuildPhase;
			buildActionMask = 2147483647;
			files = (
				254F34C2248702F20099C96C /* CloudKit.framework in Frameworks */,
				54DCA4EDC7598EDBBF1A5BF2 /* Pods_Listit.framework in Frameworks */,
			);
			runOnlyForDeploymentPostprocessing = 0;
		};
/* End PBXFrameworksBuildPhase section */

/* Begin PBXGroup section */
		254A40E5248DE31100F9E3A7 /* View */ = {
			isa = PBXGroup;
			children = (
				254A40E6248DE31E00F9E3A7 /* UILabelX.swift */,
			);
			path = View;
			sourceTree = "<group>";
		};
		254A40ED2497DEC000F9E3A7 /* SelectDate */ = {
			isa = PBXGroup;
			children = (
				254A40EE2497DEE000F9E3A7 /* DateSelectionNavigator.swift */,
				254A40EF2497DEE000F9E3A7 /* DateSelectionController.swift */,
				254A40F12497DEE000F9E3A7 /* DateSelectionUI.swift */,
				254A40F22497DEE000F9E3A7 /* DateSelectionController.xib */,
			);
			path = SelectDate;
			sourceTree = "<group>";
		};
		254F349C2485F4F60099C96C = {
			isa = PBXGroup;
			children = (
				254F34A72485F4F60099C96C /* Listit */,
				254F34A62485F4F60099C96C /* Products */,
				254F34C0248702F20099C96C /* Frameworks */,
				688903B344A7F855D872F57D /* Pods */,
			);
			sourceTree = "<group>";
		};
		254F34A62485F4F60099C96C /* Products */ = {
			isa = PBXGroup;
			children = (
				254F34A52485F4F60099C96C /* Listit.app */,
			);
			name = Products;
			sourceTree = "<group>";
		};
		254F34A72485F4F60099C96C /* Listit */ = {
			isa = PBXGroup;
			children = (
				25B32BF324A2F31F00524CD9 /* InApp */,
				25B32BE024A2906E00524CD9 /* Analytics */,
				254F353F2487427F0099C96C /* DBManager */,
				254F353B2487424D0099C96C /* Domain */,
				254F350224873BAC0099C96C /* Scenes */,
				254F3500248739030099C96C /* Configurations */,
				254F34BF248702F00099C96C /* Listit.entitlements */,
				254F34EC2487359F0099C96C /* Resources */,
				254F34D4248734B50099C96C /* Helper */,
			);
			path = Listit;
			sourceTree = "<group>";
		};
		254F34C0248702F20099C96C /* Frameworks */ = {
			isa = PBXGroup;
			children = (
				254F34C1248702F20099C96C /* CloudKit.framework */,
				681C012384A06C1A9D1A7C6B /* Pods_Listit.framework */,
			);
			name = Frameworks;
			sourceTree = "<group>";
		};
		254F34CE248733F80099C96C /* UseFul */ = {
			isa = PBXGroup;
			children = (
				254F34CF248734080099C96C /* StaticConstants.swift */,
				254F34D1248734160099C96C /* Constants.swift */,
				254F34CC248733E80099C96C /* Defaults.swift */,
			);
			path = UseFul;
			sourceTree = "<group>";
		};
		254F34D3248734AF0099C96C /* Extensions */ = {
			isa = PBXGroup;
			children = (
				254F34D8248734E00099C96C /* Error+Composer.swift */,
				254F34D7248734DF0099C96C /* UIColorExtensions.swift */,
				254F34D5248734DF0099C96C /* UIViewControllerExtensions.swift */,
				254F34D6248734DF0099C96C /* UIViewExtensions.swift */,
				254A40E824916B8100F9E3A7 /* UIButtonExtensions.swift */,
				2577FE1824AC255300319B06 /* UILabelExtensions.swift */,
			);
			path = Extensions;
			sourceTree = "<group>";
		};
		254F34D4248734B50099C96C /* Helper */ = {
			isa = PBXGroup;
			children = (
				254F34CE248733F80099C96C /* UseFul */,
				254F34DF248735320099C96C /* Components */,
				254F34D3248734AF0099C96C /* Extensions */,
			);
			path = Helper;
			sourceTree = "<group>";
		};
		254F34DF248735320099C96C /* Components */ = {
			isa = PBXGroup;
			children = (
				254A40E5248DE31100F9E3A7 /* View */,
				254A40E3248DDE1200F9E3A7 /* SloppySwipingNav.swift */,
				254F3567248885960099C96C /* Veneer */,
				254F34E2248735540099C96C /* LanguageManager.swift */,
				254F34E4248735540099C96C /* SoundEffects.swift */,
				254F34E5248735540099C96C /* SSMocker.swift */,
				254F34E0248735540099C96C /* UserDefaults.swift */,
				254F34E1248735540099C96C /* Utility.swift */,
				254F34E3248735540099C96C /* Vibrator.swift */,
				25B32C1524A592AF00524CD9 /* NetworkManager.swift */,
			);
			path = Components;
			sourceTree = "<group>";
		};
		254F34EC2487359F0099C96C /* Resources */ = {
			isa = PBXGroup;
			children = (
				254F3592248AEB630099C96C /* Templates */,
				254F3537248740D10099C96C /* Colors.swift */,
				254F35392487410A0099C96C /* Fonts.swift */,
				254F34CB248733B00099C96C /* Localizable.strings */,
				254F35012487392C0099C96C /* Sounds */,
				254F34F0248736500099C96C /* Icons */,
				254F34EF248736420099C96C /* Colors */,
				254F34ED248736380099C96C /* Fonts */,
				254F34B42485F4F80099C96C /* Assets.xcassets */,
				254F34B12485F4F60099C96C /* Listit.xcdatamodeld */,
			);
			path = Resources;
			sourceTree = "<group>";
		};
		254F34ED248736380099C96C /* Fonts */ = {
			isa = PBXGroup;
			children = (
				254F34F1248736700099C96C /* SSFonts.swift */,
				254F34F3248736790099C96C /* Montserrat */,
			);
			path = Fonts;
			sourceTree = "<group>";
		};
		254F34EF248736420099C96C /* Colors */ = {
			isa = PBXGroup;
			children = (
				254F34F8248738AC0099C96C /* ColorModel.swift */,
				254F34F9248738AC0099C96C /* Colors.json */,
			);
			path = Colors;
			sourceTree = "<group>";
		};
		254F34F0248736500099C96C /* Icons */ = {
			isa = PBXGroup;
			children = (
				254F34FD248738C50099C96C /* IconModel.swift */,
				254F34FC248738C50099C96C /* Icons.json */,
			);
			path = Icons;
			sourceTree = "<group>";
		};
		254F34F3248736790099C96C /* Montserrat */ = {
			isa = PBXGroup;
			children = (
				254F34F5248736950099C96C /* Montserrat-Bold.ttf */,
				254F34F4248736950099C96C /* Montserrat-Regular.ttf */,
			);
			path = Montserrat;
			sourceTree = "<group>";
		};
		254F3500248739030099C96C /* Configurations */ = {
			isa = PBXGroup;
			children = (
				254F34A82485F4F60099C96C /* AppDelegate.swift */,
				254F34AA2485F4F60099C96C /* SceneDelegate.swift */,
				254F34C5248732AF0099C96C /* Application.swift */,
				254F34B92485F4F80099C96C /* Info.plist */,
				25B32BE324A2943200524CD9 /* GoogleService-Info.plist */,
				254F351624873D170099C96C /* ServicePackage.swift */,
			);
			path = Configurations;
			sourceTree = "<group>";
		};
		254F35012487392C0099C96C /* Sounds */ = {
			isa = PBXGroup;
			children = (
				254F35342487403F0099C96C /* ErrorSound.mp3 */,
				254F35332487403F0099C96C /* SplashSound.mp3 */,
			);
			path = Sounds;
			sourceTree = "<group>";
		};
		254F350224873BAC0099C96C /* Scenes */ = {
			isa = PBXGroup;
			children = (
				254F356E24888C9A0099C96C /* AddList */,
				254F3599248C3E130099C96C /* AddItem */,
				25B32BF824A2F47200524CD9 /* Setting */,
				254F354824874CB20099C96C /* Home */,
				254F350324873BB10099C96C /* FirstFlow */,
			);
			path = Scenes;
			sourceTree = "<group>";
		};
		254F350324873BB10099C96C /* FirstFlow */ = {
			isa = PBXGroup;
			children = (
				25F0E1EF24E0650E006DBE19 /* AddTemplates */,
				254F350524873BC70099C96C /* Splash */,
				254F350424873BBE0099C96C /* Main */,
			);
			path = FirstFlow;
			sourceTree = "<group>";
		};
		254F350424873BBE0099C96C /* Main */ = {
			isa = PBXGroup;
			children = (
				254F34B62485F4F80099C96C /* LaunchScreen.storyboard */,
				254F351224873CB70099C96C /* Navigator.swift */,
				254F351424873CD60099C96C /* MainNavigationController.swift */,
			);
			path = Main;
			sourceTree = "<group>";
		};
		254F350524873BC70099C96C /* Splash */ = {
			isa = PBXGroup;
			children = (
				254F350824873C020099C96C /* SplashNavigator.swift */,
				254F350924873C020099C96C /* SplashController.swift */,
				254F350A24873C020099C96C /* SplashViewModel.swift */,
				254F350B24873C020099C96C /* SplashUI.swift */,
				254F350C24873C020099C96C /* SplashController.xib */,
			);
			path = Splash;
			sourceTree = "<group>";
		};
		254F352C24873D770099C96C /* Protocols */ = {
			isa = PBXGroup;
			children = (
				254F352A24873D580099C96C /* DataBaseManagerProtocol.swift */,
				254F352D24873D840099C96C /* ViewModelType.swift */,
			);
			path = Protocols;
			sourceTree = "<group>";
		};
		254F353B2487424D0099C96C /* Domain */ = {
			isa = PBXGroup;
			children = (
				254F352C24873D770099C96C /* Protocols */,
				254F353C248742510099C96C /* Entities */,
			);
			path = Domain;
			sourceTree = "<group>";
		};
		254F353C248742510099C96C /* Entities */ = {
			isa = PBXGroup;
			children = (
				254A40E1248C852D00F9E3A7 /* ItemModel.swift */,
				254F353D2487425A0099C96C /* ListModel.swift */,
				254F359024889ED40099C96C /* ListType.swift */,
				254F35A8248C849A0099C96C /* ItemState.swift */,
				25B32C1724A592F500524CD9 /* ConfigurationNetworkModel.swift */,
				2506F018250C230300E60477 /* TemplateLists.swift */,
			);
			path = Entities;
			sourceTree = "<group>";
		};
		254F353F2487427F0099C96C /* DBManager */ = {
			isa = PBXGroup;
			children = (
				254F35402487428A0099C96C /* DBManager.swift */,
				254F35442487437D0099C96C /* CoreDataStack.swift */,
				254F3546248743B80099C96C /* CoreDataError.swift */,
				254A40FE249B1BCC00F9E3A7 /* FRCTableViewDataSource.swift */,
				254A4100249B233900F9E3A7 /* FRCCollectionViewDataSource.swift */,
			);
			path = DBManager;
			sourceTree = "<group>";
		};
		254F354824874CB20099C96C /* Home */ = {
			isa = PBXGroup;
			children = (
				254F354F24887DE90099C96C /* Cells */,
				254F34AC2485F4F60099C96C /* HomeController.swift */,
				25B32C0324A309D900524CD9 /* HomeControllerDelegate.swift */,
				254F354924874CBE0099C96C /* HomeNavigator.swift */,
				254F354B24874FD70099C96C /* HomeController.xib */,
				254F354D248750080099C96C /* HomeControllerUI.swift */,
				25B32BE524A2E03900524CD9 /* HomeAdMob.swift */,
				25B32BE724A2E39900524CD9 /* HomeItems.swift */,
				25B32BE924A2E3CF00524CD9 /* HomeLists.swift */,
				25B32BEB24A2E5E400524CD9 /* HomeCollectionViewDelegate.swift */,
				25B32BED24A2E64000524CD9 /* HomeCollectionViewFlowLayout.swift */,
			);
			path = Home;
			sourceTree = "<group>";
		};
		254F354F24887DE90099C96C /* Cells */ = {
			isa = PBXGroup;
			children = (
				254F355224887E070099C96C /* Items */,
				254F355124887DF90099C96C /* List */,
			);
			path = Cells;
			sourceTree = "<group>";
		};
		254F355124887DF90099C96C /* List */ = {
			isa = PBXGroup;
			children = (
				254F356324887FB20099C96C /* ListItemViewModel.swift */,
				254F355724887EB00099C96C /* ListCell.swift */,
				254F355824887EB00099C96C /* ListCell.xib */,
			);
			path = List;
			sourceTree = "<group>";
		};
		254F355224887E070099C96C /* Items */ = {
			isa = PBXGroup;
			children = (
				254F355B24887EBC0099C96C /* ItemCell.swift */,
				254F355C24887EBC0099C96C /* ItemCell.xib */,
				254F3597248C39070099C96C /* ItemViewModel.swift */,
				2577FDC124A6BFD000319B06 /* EditActions.swift */,
			);
			path = Items;
			sourceTree = "<group>";
		};
		254F3567248885960099C96C /* Veneer */ = {
			isa = PBXGroup;
			children = (
				254F3569248885A20099C96C /* Attributes.swift */,
				254F356A248885A20099C96C /* Transform.swift */,
				254F3568248885A20099C96C /* Veneer+NSAttributedString.swift */,
			);
			path = Veneer;
			sourceTree = "<group>";
		};
		254F356E24888C9A0099C96C /* AddList */ = {
			isa = PBXGroup;
			children = (
				254F356F24888CA70099C96C /* IconSelector */,
				254F358624888D0C0099C96C /* AddListNavigator.swift */,
				254F358724888D0C0099C96C /* AddListController.swift */,
				2577FE1A24AE6BE900319B06 /* AddListDelegates.swift */,
				254F358924888D0C0099C96C /* AddListUI.swift */,
				254F358A24888D0C0099C96C /* AddListController.xib */,
				25B32BF124A2EFCD00524CD9 /* AddListAdMob.swift */,
			);
			path = AddList;
			sourceTree = "<group>";
		};
		254F356F24888CA70099C96C /* IconSelector */ = {
			isa = PBXGroup;
			children = (
				254F357624888CEB0099C96C /* IconsController.swift */,
				254F357524888CEB0099C96C /* IconsController.xib */,
				254F357224888CEB0099C96C /* IconsNavigator.swift */,
				254F357324888CEB0099C96C /* IconsUI.swift */,
				254F357424888CEB0099C96C /* IconsViewModel.swift */,
				254F357124888CC60099C96C /* Color */,
				254F357024888CB90099C96C /* Cell */,
			);
			path = IconSelector;
			sourceTree = "<group>";
		};
		254F357024888CB90099C96C /* Cell */ = {
			isa = PBXGroup;
			children = (
				254F358024888CF60099C96C /* IconCell.swift */,
				254F358224888CF60099C96C /* IconCell.xib */,
				254F358124888CF60099C96C /* IconCellViewModel.swift */,
			);
			path = Cell;
			sourceTree = "<group>";
		};
		254F357124888CC60099C96C /* Color */ = {
			isa = PBXGroup;
			children = (
				254F357D24888CF10099C96C /* ColorCell.swift */,
				254F357C24888CF10099C96C /* ColorCell.xib */,
			);
			path = Color;
			sourceTree = "<group>";
		};
		254F3592248AEB630099C96C /* Templates */ = {
			isa = PBXGroup;
			children = (
				254A4102249C5B2700F9E3A7 /* TemplateItems.json */,
				254F3595248AEB9C0099C96C /* TemplateLists.json */,
			);
			path = Templates;
			sourceTree = "<group>";
		};
		254F3599248C3E130099C96C /* AddItem */ = {
			isa = PBXGroup;
			children = (
				254A40ED2497DEC000F9E3A7 /* SelectDate */,
				254F359A248C3E3B0099C96C /* AddItemNavigator.swift */,
				254F359B248C3E3B0099C96C /* AddItemController.swift */,
				254F359D248C3E3B0099C96C /* AddItemUI.swift */,
				254F359E248C3E3B0099C96C /* AddItemController.xib */,
				25B32BEF24A2EBB500524CD9 /* AddItemAdMob.swift */,
			);
			path = AddItem;
			sourceTree = "<group>";
		};
		25B32BE024A2906E00524CD9 /* Analytics */ = {
			isa = PBXGroup;
			children = (
				25B32BE124A2907F00524CD9 /* AppAnalytics.swift */,
			);
			path = Analytics;
			sourceTree = "<group>";
		};
		25B32BF324A2F31F00524CD9 /* InApp */ = {
			isa = PBXGroup;
			children = (
				25B32BF424A2F33100524CD9 /* IAPService.swift */,
				25B32BF624A2F38D00524CD9 /* IAPProducts.swift */,
			);
			path = InApp;
			sourceTree = "<group>";
		};
		25B32BF824A2F47200524CD9 /* Setting */ = {
			isa = PBXGroup;
			children = (
				25B32C0524A3E21E00524CD9 /* Cell */,
				25B32BF924A2F48100524CD9 /* SettingNavigator.swift */,
				25B32BFA24A2F48100524CD9 /* SettingController.swift */,
				25B32BFC24A2F48100524CD9 /* SettingUI.swift */,
				25B32BFD24A2F48100524CD9 /* SettingController.xib */,
				25B32C0B24A3E31200524CD9 /* SettingTableViewDelegates.swift */,
				25B32C0D24A3ED0900524CD9 /* SettingAdMob.swift */,
				25B32C0F24A3F06900524CD9 /* SettingAppMailDelegate.swift */,
			);
			path = Setting;
			sourceTree = "<group>";
		};
		25B32C0524A3E21E00524CD9 /* Cell */ = {
			isa = PBXGroup;
			children = (
				25B32C0624A3E28D00524CD9 /* SettingCell.swift */,
				25B32C0724A3E28D00524CD9 /* SettingCell.xib */,
			);
			path = Cell;
			sourceTree = "<group>";
		};
		25F0E1EF24E0650E006DBE19 /* AddTemplates */ = {
			isa = PBXGroup;
			children = (
				25C1211D24E06A9500CF0E16 /* AddTemplatesNavigator.swift */,
				25C1211E24E06A9500CF0E16 /* AddTemplatesController.swift */,
				25C1211F24E06A9500CF0E16 /* AddTemplatesUI.swift */,
				25C1212024E06A9500CF0E16 /* AddTemplatesController.xib */,
			);
			path = AddTemplates;
			sourceTree = "<group>";
		};
		688903B344A7F855D872F57D /* Pods */ = {
			isa = PBXGroup;
			children = (
				BD000643B42F3E614A290640 /* Pods-Listit.debug.xcconfig */,
				A7AA76764A90D72C40FC3B85 /* Pods-Listit.release.xcconfig */,
			);
			path = Pods;
			sourceTree = "<group>";
		};
/* End PBXGroup section */

/* Begin PBXNativeTarget section */
		254F34A42485F4F60099C96C /* Listit */ = {
			isa = PBXNativeTarget;
			buildConfigurationList = 254F34BC2485F4F80099C96C /* Build configuration list for PBXNativeTarget "Listit" */;
			buildPhases = (
				910D7E5AC2A7B91FE1AC882C /* [CP] Check Pods Manifest.lock */,
				254F34A12485F4F60099C96C /* Sources */,
				254F34A22485F4F60099C96C /* Frameworks */,
				254F34A32485F4F60099C96C /* Resources */,
				254F352924873D370099C96C /* Embed Frameworks */,
				6082D9BE44E08E5C15454CD7 /* [CP] Embed Pods Frameworks */,
			);
			buildRules = (
			);
			dependencies = (
			);
			name = Listit;
			productName = "New Todo";
			productReference = 254F34A52485F4F60099C96C /* Listit.app */;
			productType = "com.apple.product-type.application";
		};
/* End PBXNativeTarget section */

/* Begin PBXProject section */
		254F349D2485F4F60099C96C /* Project object */ = {
			isa = PBXProject;
			attributes = {
				LastSwiftUpdateCheck = 1130;
				LastUpgradeCheck = 1130;
				ORGANIZATIONNAME = SaSApps;
				TargetAttributes = {
					254F34A42485F4F60099C96C = {
						CreatedOnToolsVersion = 11.3.1;
					};
				};
			};
			buildConfigurationList = 254F34A02485F4F60099C96C /* Build configuration list for PBXProject "Listit" */;
			compatibilityVersion = "Xcode 9.3";
			developmentRegion = en;
			hasScannedForEncodings = 0;
			knownRegions = (
				en,
				Base,
				"zh-Hans",
				fa,
			);
			mainGroup = 254F349C2485F4F60099C96C;
			productRefGroup = 254F34A62485F4F60099C96C /* Products */;
			projectDirPath = "";
			projectRoot = "";
			targets = (
				254F34A42485F4F60099C96C /* Listit */,
			);
		};
/* End PBXProject section */

/* Begin PBXResourcesBuildPhase section */
		254F34A32485F4F60099C96C /* Resources */ = {
			isa = PBXResourcesBuildPhase;
			buildActionMask = 2147483647;
			files = (
				254F357E24888CF10099C96C /* ColorCell.xib in Resources */,
				254F34F7248736950099C96C /* Montserrat-Bold.ttf in Resources */,
				254F34F6248736950099C96C /* Montserrat-Regular.ttf in Resources */,
				254A40F72497DEE000F9E3A7 /* DateSelectionController.xib in Resources */,
				254F354C24874FD70099C96C /* HomeController.xib in Resources */,
				254F355A24887EB00099C96C /* ListCell.xib in Resources */,
				254F357A24888CEB0099C96C /* IconsController.xib in Resources */,
				254F358524888CF60099C96C /* IconCell.xib in Resources */,
				254F355E24887EBC0099C96C /* ItemCell.xib in Resources */,
				254F35352487403F0099C96C /* SplashSound.mp3 in Resources */,
				254F3596248AEB9C0099C96C /* TemplateLists.json in Resources */,
				254F35362487403F0099C96C /* ErrorSound.mp3 in Resources */,
				254F358F24888D0C0099C96C /* AddListController.xib in Resources */,
				254F34FE248738C50099C96C /* Icons.json in Resources */,
				254F34B82485F4F80099C96C /* LaunchScreen.storyboard in Resources */,
				254A4103249C5B2700F9E3A7 /* TemplateItems.json in Resources */,
				25C1212424E06A9500CF0E16 /* AddTemplatesController.xib in Resources */,
				254F351124873C020099C96C /* SplashController.xib in Resources */,
				254F34C9248733B00099C96C /* Localizable.strings in Resources */,
				254F34B52485F4F80099C96C /* Assets.xcassets in Resources */,
				25B32C0224A2F48100524CD9 /* SettingController.xib in Resources */,
				25B32BE424A2943200524CD9 /* GoogleService-Info.plist in Resources */,
				254F34FB248738AC0099C96C /* Colors.json in Resources */,
				25B32C0924A3E28D00524CD9 /* SettingCell.xib in Resources */,
				254F35A3248C3E3B0099C96C /* AddItemController.xib in Resources */,
			);
			runOnlyForDeploymentPostprocessing = 0;
		};
/* End PBXResourcesBuildPhase section */

/* Begin PBXShellScriptBuildPhase section */
		6082D9BE44E08E5C15454CD7 /* [CP] Embed Pods Frameworks */ = {
			isa = PBXShellScriptBuildPhase;
			buildActionMask = 2147483647;
			files = (
			);
			inputFileListPaths = (
				"${PODS_ROOT}/Target Support Files/Pods-Listit/Pods-Listit-frameworks-${CONFIGURATION}-input-files.xcfilelist",
			);
			name = "[CP] Embed Pods Frameworks";
			outputFileListPaths = (
				"${PODS_ROOT}/Target Support Files/Pods-Listit/Pods-Listit-frameworks-${CONFIGURATION}-output-files.xcfilelist",
			);
			runOnlyForDeploymentPostprocessing = 0;
			shellPath = /bin/sh;
			shellScript = "\"${PODS_ROOT}/Target Support Files/Pods-Listit/Pods-Listit-frameworks.sh\"\n";
			showEnvVarsInLog = 0;
		};
		910D7E5AC2A7B91FE1AC882C /* [CP] Check Pods Manifest.lock */ = {
			isa = PBXShellScriptBuildPhase;
			buildActionMask = 2147483647;
			files = (
			);
			inputFileListPaths = (
			);
			inputPaths = (
				"${PODS_PODFILE_DIR_PATH}/Podfile.lock",
				"${PODS_ROOT}/Manifest.lock",
			);
			name = "[CP] Check Pods Manifest.lock";
			outputFileListPaths = (
			);
			outputPaths = (
				"$(DERIVED_FILE_DIR)/Pods-Listit-checkManifestLockResult.txt",
			);
			runOnlyForDeploymentPostprocessing = 0;
			shellPath = /bin/sh;
			shellScript = "diff \"${PODS_PODFILE_DIR_PATH}/Podfile.lock\" \"${PODS_ROOT}/Manifest.lock\" > /dev/null\nif [ $? != 0 ] ; then\n    # print error to STDERR\n    echo \"error: The sandbox is not in sync with the Podfile.lock. Run 'pod install' or update your CocoaPods installation.\" >&2\n    exit 1\nfi\n# This output is used by Xcode 'outputs' to avoid re-running this script phase.\necho \"SUCCESS\" > \"${SCRIPT_OUTPUT_FILE_0}\"\n";
			showEnvVarsInLog = 0;
		};
/* End PBXShellScriptBuildPhase section */

/* Begin PBXSourcesBuildPhase section */
		254F34A12485F4F60099C96C /* Sources */ = {
			isa = PBXSourcesBuildPhase;
			buildActionMask = 2147483647;
			files = (
				25B32BFF24A2F48100524CD9 /* SettingController.swift in Sources */,
				254F356C248885A20099C96C /* Attributes.swift in Sources */,
				254F350F24873C020099C96C /* SplashViewModel.swift in Sources */,
				254F3598248C39070099C96C /* ItemViewModel.swift in Sources */,
				254F34EB248735540099C96C /* SSMocker.swift in Sources */,
				25B32BE824A2E39900524CD9 /* HomeItems.swift in Sources */,
				254F351324873CB70099C96C /* Navigator.swift in Sources */,
				25B32BEA24A2E3CF00524CD9 /* HomeLists.swift in Sources */,
				254F34DB248734E00099C96C /* UIViewExtensions.swift in Sources */,
				254F350D24873C020099C96C /* SplashNavigator.swift in Sources */,
				25B32C0C24A3E31200524CD9 /* SettingTableViewDelegates.swift in Sources */,
				254F34C6248732AF0099C96C /* Application.swift in Sources */,
				25B32BEE24A2E64000524CD9 /* HomeCollectionViewFlowLayout.swift in Sources */,
				254F34CD248733E80099C96C /* Defaults.swift in Sources */,
				254F34DD248734E00099C96C /* Error+Composer.swift in Sources */,
				254F357824888CEB0099C96C /* IconsUI.swift in Sources */,
				254A40F42497DEE000F9E3A7 /* DateSelectionController.swift in Sources */,
				254F353224873FFE0099C96C /* DataBaseManagerProtocol.swift in Sources */,
				254F352E24873D840099C96C /* ViewModelType.swift in Sources */,
				25B32BE224A2907F00524CD9 /* AppAnalytics.swift in Sources */,
				254F359124889ED40099C96C /* ListType.swift in Sources */,
				254A40E2248C852D00F9E3A7 /* ItemModel.swift in Sources */,
				254F34DC248734E00099C96C /* UIColorExtensions.swift in Sources */,
				254A40F62497DEE000F9E3A7 /* DateSelectionUI.swift in Sources */,
				254F34E7248735540099C96C /* Utility.swift in Sources */,
				254F355924887EB00099C96C /* ListCell.swift in Sources */,
				254F351724873D170099C96C /* ServicePackage.swift in Sources */,
				25B32C0424A309D900524CD9 /* HomeControllerDelegate.swift in Sources */,
				25B32BF024A2EBB500524CD9 /* AddItemAdMob.swift in Sources */,
				254F354A24874CBE0099C96C /* HomeNavigator.swift in Sources */,
				254F350E24873C020099C96C /* SplashController.swift in Sources */,
				254F358C24888D0C0099C96C /* AddListController.swift in Sources */,
				254F356B248885A20099C96C /* Veneer+NSAttributedString.swift in Sources */,
				254F34DA248734E00099C96C /* UIViewControllerExtensions.swift in Sources */,
				254A40E4248DDE1200F9E3A7 /* SloppySwipingNav.swift in Sources */,
				254F355D24887EBC0099C96C /* ItemCell.swift in Sources */,
				254F358E24888D0C0099C96C /* AddListUI.swift in Sources */,
				254F34FA248738AC0099C96C /* ColorModel.swift in Sources */,
				254F35452487437D0099C96C /* CoreDataStack.swift in Sources */,
				254F351024873C020099C96C /* SplashUI.swift in Sources */,
				254A40E7248DE31E00F9E3A7 /* UILabelX.swift in Sources */,
				254F34B32485F4F60099C96C /* Listit.xcdatamodeld in Sources */,
				254F34EA248735540099C96C /* SoundEffects.swift in Sources */,
				25B32C1824A592F500524CD9 /* ConfigurationNetworkModel.swift in Sources */,
				25B32C1024A3F06900524CD9 /* SettingAppMailDelegate.swift in Sources */,
				25B32C0124A2F48100524CD9 /* SettingUI.swift in Sources */,
				25B32C1624A592AF00524CD9 /* NetworkManager.swift in Sources */,
				25B32C0E24A3ED0900524CD9 /* SettingAdMob.swift in Sources */,
				25B32BFE24A2F48100524CD9 /* SettingNavigator.swift in Sources */,
				254F353A2487410A0099C96C /* Fonts.swift in Sources */,
				254F35A0248C3E3B0099C96C /* AddItemController.swift in Sources */,
				254F35412487428A0099C96C /* DBManager.swift in Sources */,
				254F34AD2485F4F60099C96C /* HomeController.swift in Sources */,
				254F34A92485F4F60099C96C /* AppDelegate.swift in Sources */,
				25C1212324E06A9500CF0E16 /* AddTemplatesUI.swift in Sources */,
				254F351524873CD60099C96C /* MainNavigationController.swift in Sources */,
				25B32BF224A2EFCD00524CD9 /* AddListAdMob.swift in Sources */,
				2506F019250C230300E60477 /* TemplateLists.swift in Sources */,
				254F358324888CF60099C96C /* IconCell.swift in Sources */,
				254F34F2248736700099C96C /* SSFonts.swift in Sources */,
				254F34D0248734080099C96C /* StaticConstants.swift in Sources */,
				254F356424887FB20099C96C /* ListItemViewModel.swift in Sources */,
				254F357F24888CF10099C96C /* ColorCell.swift in Sources */,
				254A4101249B233900F9E3A7 /* FRCCollectionViewDataSource.swift in Sources */,
				254F34E9248735540099C96C /* Vibrator.swift in Sources */,
				254F359F248C3E3B0099C96C /* AddItemNavigator.swift in Sources */,
				25B32BEC24A2E5E400524CD9 /* HomeCollectionViewDelegate.swift in Sources */,
				254F358B24888D0C0099C96C /* AddListNavigator.swift in Sources */,
				254A40FF249B1BCC00F9E3A7 /* FRCTableViewDataSource.swift in Sources */,
				2577FDC224A6BFD000319B06 /* EditActions.swift in Sources */,
				254F353E2487425A0099C96C /* ListModel.swift in Sources */,
				254F357924888CEB0099C96C /* IconsViewModel.swift in Sources */,
				254F357724888CEB0099C96C /* IconsNavigator.swift in Sources */,
				254F356D248885A20099C96C /* Transform.swift in Sources */,
				2577FE1B24AE6BE900319B06 /* AddListDelegates.swift in Sources */,
				254A40F32497DEE000F9E3A7 /* DateSelectionNavigator.swift in Sources */,
				25B32C0824A3E28D00524CD9 /* SettingCell.swift in Sources */,
				254F3538248740D20099C96C /* Colors.swift in Sources */,
				254F34FF248738C50099C96C /* IconModel.swift in Sources */,
				254F354E248750080099C96C /* HomeControllerUI.swift in Sources */,
				254F35A2248C3E3B0099C96C /* AddItemUI.swift in Sources */,
				254F357B24888CEB0099C96C /* IconsController.swift in Sources */,
				254F3547248743B80099C96C /* CoreDataError.swift in Sources */,
				254F35A9248C849A0099C96C /* ItemState.swift in Sources */,
				25C1212124E06A9500CF0E16 /* AddTemplatesNavigator.swift in Sources */,
				2577FE1924AC255300319B06 /* UILabelExtensions.swift in Sources */,
				254F34AB2485F4F60099C96C /* SceneDelegate.swift in Sources */,
				254F34E6248735540099C96C /* UserDefaults.swift in Sources */,
				254F34D2248734160099C96C /* Constants.swift in Sources */,
				25B32BF724A2F38D00524CD9 /* IAPProducts.swift in Sources */,
				254A40E924916B8100F9E3A7 /* UIButtonExtensions.swift in Sources */,
				254F34E8248735540099C96C /* LanguageManager.swift in Sources */,
				25B32BE624A2E03900524CD9 /* HomeAdMob.swift in Sources */,
				25C1212224E06A9500CF0E16 /* AddTemplatesController.swift in Sources */,
				25B32BF524A2F33100524CD9 /* IAPService.swift in Sources */,
				254F358424888CF60099C96C /* IconCellViewModel.swift in Sources */,
			);
			runOnlyForDeploymentPostprocessing = 0;
		};
/* End PBXSourcesBuildPhase section */

/* Begin PBXVariantGroup section */
		254F34B62485F4F80099C96C /* LaunchScreen.storyboard */ = {
			isa = PBXVariantGroup;
			children = (
				254F34B72485F4F80099C96C /* Base */,
			);
			name = LaunchScreen.storyboard;
			sourceTree = "<group>";
		};
		254F34CB248733B00099C96C /* Localizable.strings */ = {
			isa = PBXVariantGroup;
			children = (
				254F34CA248733B00099C96C /* en */,
				2577FE1C24B12E9900319B06 /* zh-Hans */,
				2577FE1D24B12EBB00319B06 /* fa */,
			);
			name = Localizable.strings;
			sourceTree = "<group>";
		};
/* End PBXVariantGroup section */

/* Begin XCBuildConfiguration section */
		254F34BA2485F4F80099C96C /* Debug */ = {
			isa = XCBuildConfiguration;
			buildSettings = {
				ALWAYS_SEARCH_USER_PATHS = NO;
				CLANG_ANALYZER_LOCALIZABILITY_NONLOCALIZED = YES;
				CLANG_ANALYZER_NONNULL = YES;
				CLANG_ANALYZER_NUMBER_OBJECT_CONVERSION = YES_AGGRESSIVE;
				CLANG_CXX_LANGUAGE_STANDARD = "gnu++14";
				CLANG_CXX_LIBRARY = "libc++";
				CLANG_ENABLE_MODULES = YES;
				CLANG_ENABLE_OBJC_ARC = YES;
				CLANG_ENABLE_OBJC_WEAK = YES;
				CLANG_WARN_BLOCK_CAPTURE_AUTORELEASING = YES;
				CLANG_WARN_BOOL_CONVERSION = YES;
				CLANG_WARN_COMMA = YES;
				CLANG_WARN_CONSTANT_CONVERSION = YES;
				CLANG_WARN_DEPRECATED_OBJC_IMPLEMENTATIONS = YES;
				CLANG_WARN_DIRECT_OBJC_ISA_USAGE = YES_ERROR;
				CLANG_WARN_DOCUMENTATION_COMMENTS = YES;
				CLANG_WARN_EMPTY_BODY = YES;
				CLANG_WARN_ENUM_CONVERSION = YES;
				CLANG_WARN_INFINITE_RECURSION = YES;
				CLANG_WARN_INT_CONVERSION = YES;
				CLANG_WARN_NON_LITERAL_NULL_CONVERSION = YES;
				CLANG_WARN_OBJC_IMPLICIT_RETAIN_SELF = YES;
				CLANG_WARN_OBJC_LITERAL_CONVERSION = YES;
				CLANG_WARN_OBJC_ROOT_CLASS = YES_ERROR;
				CLANG_WARN_RANGE_LOOP_ANALYSIS = YES;
				CLANG_WARN_STRICT_PROTOTYPES = YES;
				CLANG_WARN_SUSPICIOUS_MOVE = YES;
				CLANG_WARN_UNGUARDED_AVAILABILITY = YES_AGGRESSIVE;
				CLANG_WARN_UNREACHABLE_CODE = YES;
				CLANG_WARN__DUPLICATE_METHOD_MATCH = YES;
				COPY_PHASE_STRIP = NO;
				DEBUG_INFORMATION_FORMAT = dwarf;
				ENABLE_STRICT_OBJC_MSGSEND = YES;
				ENABLE_TESTABILITY = YES;
				GCC_C_LANGUAGE_STANDARD = gnu11;
				GCC_DYNAMIC_NO_PIC = NO;
				GCC_NO_COMMON_BLOCKS = YES;
				GCC_OPTIMIZATION_LEVEL = 0;
				GCC_PREPROCESSOR_DEFINITIONS = (
					"DEBUG=1",
					"$(inherited)",
				);
				GCC_WARN_64_TO_32_BIT_CONVERSION = YES;
				GCC_WARN_ABOUT_RETURN_TYPE = YES_ERROR;
				GCC_WARN_UNDECLARED_SELECTOR = YES;
				GCC_WARN_UNINITIALIZED_AUTOS = YES_AGGRESSIVE;
				GCC_WARN_UNUSED_FUNCTION = YES;
				GCC_WARN_UNUSED_VARIABLE = YES;
				IPHONEOS_DEPLOYMENT_TARGET = 13.2;
				MTL_ENABLE_DEBUG_INFO = INCLUDE_SOURCE;
				MTL_FAST_MATH = YES;
				ONLY_ACTIVE_ARCH = YES;
				SDKROOT = iphoneos;
				SWIFT_ACTIVE_COMPILATION_CONDITIONS = DEBUG;
				SWIFT_OPTIMIZATION_LEVEL = "-Onone";
			};
			name = Debug;
		};
		254F34BB2485F4F80099C96C /* Release */ = {
			isa = XCBuildConfiguration;
			buildSettings = {
				ALWAYS_SEARCH_USER_PATHS = NO;
				CLANG_ANALYZER_LOCALIZABILITY_NONLOCALIZED = YES;
				CLANG_ANALYZER_NONNULL = YES;
				CLANG_ANALYZER_NUMBER_OBJECT_CONVERSION = YES_AGGRESSIVE;
				CLANG_CXX_LANGUAGE_STANDARD = "gnu++14";
				CLANG_CXX_LIBRARY = "libc++";
				CLANG_ENABLE_MODULES = YES;
				CLANG_ENABLE_OBJC_ARC = YES;
				CLANG_ENABLE_OBJC_WEAK = YES;
				CLANG_WARN_BLOCK_CAPTURE_AUTORELEASING = YES;
				CLANG_WARN_BOOL_CONVERSION = YES;
				CLANG_WARN_COMMA = YES;
				CLANG_WARN_CONSTANT_CONVERSION = YES;
				CLANG_WARN_DEPRECATED_OBJC_IMPLEMENTATIONS = YES;
				CLANG_WARN_DIRECT_OBJC_ISA_USAGE = YES_ERROR;
				CLANG_WARN_DOCUMENTATION_COMMENTS = YES;
				CLANG_WARN_EMPTY_BODY = YES;
				CLANG_WARN_ENUM_CONVERSION = YES;
				CLANG_WARN_INFINITE_RECURSION = YES;
				CLANG_WARN_INT_CONVERSION = YES;
				CLANG_WARN_NON_LITERAL_NULL_CONVERSION = YES;
				CLANG_WARN_OBJC_IMPLICIT_RETAIN_SELF = YES;
				CLANG_WARN_OBJC_LITERAL_CONVERSION = YES;
				CLANG_WARN_OBJC_ROOT_CLASS = YES_ERROR;
				CLANG_WARN_RANGE_LOOP_ANALYSIS = YES;
				CLANG_WARN_STRICT_PROTOTYPES = YES;
				CLANG_WARN_SUSPICIOUS_MOVE = YES;
				CLANG_WARN_UNGUARDED_AVAILABILITY = YES_AGGRESSIVE;
				CLANG_WARN_UNREACHABLE_CODE = YES;
				CLANG_WARN__DUPLICATE_METHOD_MATCH = YES;
				COPY_PHASE_STRIP = NO;
				DEBUG_INFORMATION_FORMAT = "dwarf-with-dsym";
				ENABLE_NS_ASSERTIONS = NO;
				ENABLE_STRICT_OBJC_MSGSEND = YES;
				GCC_C_LANGUAGE_STANDARD = gnu11;
				GCC_NO_COMMON_BLOCKS = YES;
				GCC_WARN_64_TO_32_BIT_CONVERSION = YES;
				GCC_WARN_ABOUT_RETURN_TYPE = YES_ERROR;
				GCC_WARN_UNDECLARED_SELECTOR = YES;
				GCC_WARN_UNINITIALIZED_AUTOS = YES_AGGRESSIVE;
				GCC_WARN_UNUSED_FUNCTION = YES;
				GCC_WARN_UNUSED_VARIABLE = YES;
				IPHONEOS_DEPLOYMENT_TARGET = 13.2;
				MTL_ENABLE_DEBUG_INFO = NO;
				MTL_FAST_MATH = YES;
				SDKROOT = iphoneos;
				SWIFT_COMPILATION_MODE = wholemodule;
				SWIFT_OPTIMIZATION_LEVEL = "-O";
				VALIDATE_PRODUCT = YES;
			};
			name = Release;
		};
		254F34BD2485F4F80099C96C /* Debug */ = {
			isa = XCBuildConfiguration;
			baseConfigurationReference = BD000643B42F3E614A290640 /* Pods-Listit.debug.xcconfig */;
			buildSettings = {
				ASSETCATALOG_COMPILER_APPICON_NAME = AppIcon;
				CODE_SIGN_ENTITLEMENTS = Listit/Listit.entitlements;
				CODE_SIGN_STYLE = Automatic;
				CURRENT_PROJECT_VERSION = 5;
				DEVELOPMENT_TEAM = 7FQDK9Y97S;
				INFOPLIST_FILE = "$(SRCROOT)/Listit/Configurations/Info.plist";
				IPHONEOS_DEPLOYMENT_TARGET = 13.0;
				LD_RUNPATH_SEARCH_PATHS = (
					"$(inherited)",
					"@executable_path/Frameworks",
				);
				MARKETING_VERSION = 1.1.2;
				PRODUCT_BUNDLE_IDENTIFIER = ca.ssmobileapps.listit;
				PRODUCT_NAME = Listit;
				SWIFT_VERSION = 5.0;
				TARGETED_DEVICE_FAMILY = 1;
			};
			name = Debug;
		};
		254F34BE2485F4F80099C96C /* Release */ = {
			isa = XCBuildConfiguration;
			baseConfigurationReference = A7AA76764A90D72C40FC3B85 /* Pods-Listit.release.xcconfig */;
			buildSettings = {
				ASSETCATALOG_COMPILER_APPICON_NAME = AppIcon;
				CODE_SIGN_ENTITLEMENTS = Listit/Listit.entitlements;
				CODE_SIGN_STYLE = Automatic;
				CURRENT_PROJECT_VERSION = 5;
				DEVELOPMENT_TEAM = 7FQDK9Y97S;
				INFOPLIST_FILE = "$(SRCROOT)/Listit/Configurations/Info.plist";
				IPHONEOS_DEPLOYMENT_TARGET = 13.0;
				LD_RUNPATH_SEARCH_PATHS = (
					"$(inherited)",
					"@executable_path/Frameworks",
				);
				MARKETING_VERSION = 1.1.2;
				PRODUCT_BUNDLE_IDENTIFIER = ca.ssmobileapps.listit;
				PRODUCT_NAME = Listit;
				SWIFT_VERSION = 5.0;
				TARGETED_DEVICE_FAMILY = 1;
			};
			name = Release;
		};
/* End XCBuildConfiguration section */

/* Begin XCConfigurationList section */
		254F34A02485F4F60099C96C /* Build configuration list for PBXProject "Listit" */ = {
			isa = XCConfigurationList;
			buildConfigurations = (
				254F34BA2485F4F80099C96C /* Debug */,
				254F34BB2485F4F80099C96C /* Release */,
			);
			defaultConfigurationIsVisible = 0;
			defaultConfigurationName = Release;
		};
		254F34BC2485F4F80099C96C /* Build configuration list for PBXNativeTarget "Listit" */ = {
			isa = XCConfigurationList;
			buildConfigurations = (
				254F34BD2485F4F80099C96C /* Debug */,
				254F34BE2485F4F80099C96C /* Release */,
			);
			defaultConfigurationIsVisible = 0;
			defaultConfigurationName = Release;
		};
/* End XCConfigurationList section */

/* Begin XCVersionGroup section */
		254F34B12485F4F60099C96C /* Listit.xcdatamodeld */ = {
			isa = XCVersionGroup;
			children = (
				254F34B22485F4F60099C96C /* New_Todo.xcdatamodel */,
			);
			currentVersion = 254F34B22485F4F60099C96C /* New_Todo.xcdatamodel */;
			path = Listit.xcdatamodeld;
			sourceTree = "<group>";
			versionGroupType = wrapper.xcdatamodel;
		};
/* End XCVersionGroup section */
	};
	rootObject = 254F349D2485F4F60099C96C /* Project object */;
}
